github.com/go-sql-driver/mysql v1.6.0 h1:BCTh4TKNUYmOmMUcQ3IipzF5prigylS7XXjEkfCHuOE=
github.com/go-sql-driver/mysql v1.6.0/go.mod h1:DCzpHaOWr8IXmIStZouvnhqoel9Qv2LBy8hT2VhHyBg=
github.com/kwinh/go-sql-builder v1.0.6 h1:453P0q/PqpbE3QcsN5ebjYiW6z7PKUblLEmbFLDT0fA=
github.com/kwinh/go-sql-builder v1.0.6/go.mod h1:kgKEM2CfSVmuhwtOfO8lcGwkF5ueQ30XqzP3nEyAZx8=
github.com/mattn/go-sqlite3 v1.14.17 h1:mCRHCLDUBXgpKAqIKsaAaAsrAlbkeomtRFKXh2L6YIM=
github.com/mattn/go-sqlite3 v1.14.17/go.mod h1:2eHXhiwb8IkHr+BDWZGa96P6+rkvnG63S2DGjv9HUNg=
